# @generated by Move, please check-in and do not edit manually.

[move]
version = 0
manifest_digest = "3DCAE1A6EA766C56698F071345396B07E82115B954C00F3775684323BE368678"
deps_digest = "59CF4C5FBF9CA9498217B3AC2BED47AD5D49696CE64F735BE1226EDCEF529664"

dependencies = [
  { name = "AfSui" },
  { name = "AfSuiReferralVault" },
  { name = "AftermathAmm" },
  { name = "AftermathLSD" },
  { name = "CetusAdaptor" },
  { name = "InsuranceFund" },
  { name = "MoveStdlib" },
  { name = "ProtocolFeeVault" },
  { name = "ReferralVault" },
  { name = "Safe" },
  { name = "Sui" },
  { name = "Treasury" },
  { name = "borrow_incentive" },
]

[[move.package]]
name = "AfSui"
source = { local = "../aftermath/packages/afsui/afsui" }

dependencies = [
  { name = "Safe" },
  { name = "Sui" },
]

[[move.package]]
name = "AfSuiReferralVault"
source = { local = "../aftermath/packages/afsui/afsui-referral-vault" }

dependencies = [
  { name = "Sui" },
]

[[move.package]]
name = "AfSuiTreasury"
source = { local = "../aftermath/packages/afsui/afsui-treasury" }

dependencies = [
  { name = "Sui" },
]

[[move.package]]
name = "AftermathAmm"
source = { local = "../aftermath/packages/amm/amm" }

dependencies = [
  { name = "AmmMath" },
  { name = "ProtocolFeeVault" },
  { name = "Sui" },
]

[[move.package]]
name = "AftermathLSD"
source = { local = "../aftermath/packages/afsui/afsui-staked-sui-vault" }

dependencies = [
  { name = "AfSui" },
  { name = "AfSuiReferralVault" },
  { name = "AfSuiTreasury" },
  { name = "LinkedSet" },
  { name = "Safe" },
  { name = "Sui" },
  { name = "SuiSystem" },
  { name = "SuiSystemUtils" },
  { name = "utilities" },
]

[[move.package]]
name = "AmmMath"
source = { local = "../aftermath/packages/amm/amm-math" }

dependencies = [
  { name = "Sui" },
]

[[move.package]]
name = "CetusAdaptor"
source = { local = "../cetus_adaptor" }

dependencies = [
  { name = "CetusClmm" },
  { name = "Sui" },
]

[[move.package]]
name = "CetusClmm"
source = { git = "https://github.com/CetusProtocol/cetus-clmm-interface.git", rev = "main", subdir = "sui/clmmpool" }

dependencies = [
  { name = "IntegerMate" },
  { name = "MoveSTL" },
  { name = "Sui" },
]

[[move.package]]
name = "CoinDecimalsRegistry"
source = { local = "../../../../sui-lending-protocol/contracts/libs/coin_decimals_registry" }

dependencies = [
  { name = "Sui" },
]

[[move.package]]
name = "InsuranceFund"
source = { local = "../aftermath/packages/amm/amm-insurance-fund" }

dependencies = [
  { name = "Sui" },
]

[[move.package]]
name = "IntegerMate"
source = { git = "https://github.com/CetusProtocol/integer-mate.git", rev = "sui-v1.1.0", subdir = "sui" }

dependencies = [
  { name = "Sui" },
]

[[move.package]]
name = "LinkedSet"
source = { local = "../aftermath/packages/utility/linked-set" }

dependencies = [
  { name = "Sui" },
]

[[move.package]]
name = "Math"
source = { local = "../../../../sui-lending-protocol/contracts/libs/math" }

dependencies = [
  { name = "Sui" },
]

[[move.package]]
name = "MoveSTL"
source = { git = "https://github.com/CetusProtocol/move-stl.git", rev = "sui-v1.1.0", subdir = "sui" }

dependencies = [
  { name = "Sui" },
]

[[move.package]]
name = "MoveStdlib"
source = { git = "https://github.com/MystenLabs/sui.git", rev = "mainnet", subdir = "crates/sui-framework/packages/move-stdlib" }

[[move.package]]
name = "ProtocolFeeVault"
source = { local = "../aftermath/packages/amm/amm-protocol-fee-vault" }

dependencies = [
  { name = "InsuranceFund" },
  { name = "ReferralVault" },
  { name = "Sui" },
  { name = "Treasury" },
  { name = "utilities" },
]

[[move.package]]
name = "ReferralVault"
source = { local = "../aftermath/packages/amm/amm-referral-vault" }

dependencies = [
  { name = "Sui" },
]

[[move.package]]
name = "Safe"
source = { local = "../aftermath/packages/utility/safe" }

dependencies = [
  { name = "Sui" },
]

[[move.package]]
name = "ScallopProtocol"
source = { local = "../../../../sui-lending-protocol/contracts/protocol" }

dependencies = [
  { name = "CoinDecimalsRegistry" },
  { name = "Math" },
  { name = "Sui" },
  { name = "Whitelist" },
  { name = "X" },
  { name = "XOracle" },
]

[[move.package]]
name = "Sui"
source = { git = "https://github.com/MystenLabs/sui.git", rev = "mainnet", subdir = "crates/sui-framework/packages/sui-framework" }

dependencies = [
  { name = "MoveStdlib" },
]

[[move.package]]
name = "SuiSystem"
source = { git = "https://github.com/MystenLabs/sui.git", rev = "framework/mainnet", subdir = "crates/sui-framework/packages/sui-system" }

dependencies = [
  { name = "MoveStdlib" },
  { name = "Sui" },
]

[[move.package]]
name = "SuiSystemUtils"
source = { local = "../aftermath/packages/utility/sui-system-utils" }

dependencies = [
  { name = "Sui" },
  { name = "SuiSystem" },
]

[[move.package]]
name = "Treasury"
source = { local = "../aftermath/packages/amm/amm-treasury" }

dependencies = [
  { name = "Sui" },
]

[[move.package]]
name = "Whitelist"
source = { local = "../../../../sui-lending-protocol/contracts/libs/whitelist" }

dependencies = [
  { name = "Sui" },
]

[[move.package]]
name = "X"
source = { local = "../../../../sui-lending-protocol/contracts/libs/x" }

dependencies = [
  { name = "Sui" },
]

[[move.package]]
name = "XOracle"
source = { local = "../../../../sui-lending-protocol/contracts/sui_x_oracle/x_oracle" }

dependencies = [
  { name = "Sui" },
]

[[move.package]]
name = "borrow_incentive"
source = { local = "../../../../spool/borrow_incentive" }

dependencies = [
  { name = "ScallopProtocol" },
  { name = "Sui" },
]

[[move.package]]
name = "utilities"
source = { local = "../aftermath/packages/utility/utilities" }

dependencies = [
  { name = "Sui" },
]
