# @generated by Move, please check-in and do not edit manually.

[move]
version = 0
manifest_digest = "22DE4990242EFFA341BEF3186BFD750682DEC2577FE1E28F129A0F60BE2A2ED9"
deps_digest = "E2B0B6988353D0D2A6803BF77412435569AF27DFA5612C44000B6D46F68049C2"

dependencies = [
  { name = "ScallopProtocol" },
  { name = "Sui" },
]

[[move.package]]
name = "CoinDecimalsRegistry"
source = { local = "../libs/coin_decimals_registry" }

dependencies = [
  { name = "Sui" },
]

[[move.package]]
name = "Math"
source = { local = "../libs/math" }

dependencies = [
  { name = "Sui" },
]

[[move.package]]
name = "MoveStdlib"
source = { git = "https://github.com/MystenLabs/sui.git", rev = "mainnet", subdir = "crates/sui-framework/packages/move-stdlib" }

[[move.package]]
name = "ScallopProtocol"
source = { local = "../protocol" }

dependencies = [
  { name = "CoinDecimalsRegistry" },
  { name = "Math" },
  { name = "Sui" },
  { name = "Whitelist" },
  { name = "X" },
  { name = "XOracle" },
]

[[move.package]]
name = "Sui"
source = { git = "https://github.com/MystenLabs/sui.git", rev = "mainnet", subdir = "crates/sui-framework/packages/sui-framework" }

dependencies = [
  { name = "MoveStdlib" },
]

[[move.package]]
name = "Whitelist"
source = { local = "../libs/whitelist" }

dependencies = [
  { name = "Sui" },
]

[[move.package]]
name = "X"
source = { local = "../libs/x" }

dependencies = [
  { name = "Sui" },
]

[[move.package]]
name = "XOracle"
source = { local = "../sui_x_oracle/x_oracle" }

dependencies = [
  { name = "Sui" },
]
