# @generated by Move, please check-in and do not edit manually.

[move]
version = 3
manifest_digest = "4B36789C106B931E73E955A01DA76A23E5C8F1B3ECFCAFB36A6CC05F10C6E168"
deps_digest = "F8BBB0CCB2491CA29A3DF03D6F92277A4F3574266507ACD77214D37ECA3F3082"
dependencies = [
  { id = "Sui", name = "Sui" },
]

[[move.package]]
id = "MoveStdlib"
source = { git = "https://github.com/MystenLabs/sui.git", rev = "framework/mainnet", subdir = "crates/sui-framework/packages/move-stdlib" }

[[move.package]]
id = "Sui"
source = { git = "https://github.com/MystenLabs/sui.git", rev = "framework/mainnet", subdir = "crates/sui-framework/packages/sui-framework" }

dependencies = [
  { id = "MoveStdlib", name = "MoveStdlib" },
]

[move.toolchain-version]
compiler-version = "1.35.1"
edition = "2024.beta"
flavor = "sui"

[env]

[env.testnet2]
chain-id = "4c78adac"
original-published-id = "0x81fc6bbc64b7968e631b2a5b3a88652f91a617534e3755efab2f572858a30989"
latest-published-id = "0xf32963247f86ea44df6cb0abc0fbb5d988dbc272fafbf6b39b74767f51c8dabd"
published-version = "3"

[env.mainnet]
chain-id = "35834a8a"
original-published-id = "0x0b884dbc39d915f32a82cc62dabad75ca3efd3c568c329eba270b03c6f58cbd8"
latest-published-id = "0xbd22434e506314abc0cd981447fbf42139fa04aa09b5a8a7d7789826883e8e0a"
published-version = "3"
