# @generated by Move, please check-in and do not edit manually.

[move]
version = 0

dependencies = [
  { name = "Protocol" },
  { name = "Sui" },
]

[[move.package]]
name = "Math"
source = { local = "../math" }

dependencies = [
  { name = "Sui" },
]

[[move.package]]
name = "MoveStdlib"
source = { git = "https://github.com/MystenLabs/sui.git", rev = "devnet", subdir = "crates/sui-framework/packages/move-stdlib" }

[[move.package]]
name = "Oracle"
source = { local = "../oracle" }

dependencies = [
  { name = "Math" },
  { name = "Sui" },
  { name = "SwitchboardStdLib" },
  { name = "X" },
]

[[move.package]]
name = "Protocol"
source = { local = "../protocol" }

dependencies = [
  { name = "Math" },
  { name = "Oracle" },
  { name = "Sui" },
  { name = "SwitchboardStdLib" },
  { name = "TestCoin" },
  { name = "Whitelist" },
  { name = "X" },
]

[[move.package]]
name = "Sui"
source = { git = "https://github.com/MystenLabs/sui.git", rev = "devnet", subdir = "crates/sui-framework/packages/sui-framework" }

dependencies = [
  { name = "MoveStdlib" },
]

[[move.package]]
name = "SwitchboardStdLib"
source = { local = "../switchboard" }

dependencies = [
  { name = "Sui" },
]

[[move.package]]
name = "TestCoin"
source = { local = "../test_coin" }

dependencies = [
  { name = "Sui" },
]

[[move.package]]
name = "Whitelist"
source = { local = "../whitelist" }

dependencies = [
  { name = "Sui" },
]

[[move.package]]
name = "X"
source = { local = "../x" }

dependencies = [
  { name = "Sui" },
]
