# @generated by Move, please check-in and do not edit manually.

[move]
version = 0
manifest_digest = "BFE08FC51A3FB3D414A680762D223EF871F55E60A3443E39F85A66D785E52FE8"
deps_digest = "060AD7E57DFB13104F21BE5F5C3759D03F0553FC3229247D9A7A6B45F50D03A3"

dependencies = [
  { name = "Pyth" },
  { name = "Sui" },
  { name = "XOracle" },
]

[[move.package]]
name = "MoveStdlib"
source = { git = "https://github.com/MystenLabs/sui.git", rev = "mainnet", subdir = "crates/sui-framework/packages/move-stdlib" }

[[move.package]]
name = "Pyth"
source = { local = "vendors/pyth" }

dependencies = [
  { name = "Sui" },
  { name = "Wormhole" },
]

[[move.package]]
name = "Sui"
source = { git = "https://github.com/MystenLabs/sui.git", rev = "mainnet", subdir = "crates/sui-framework/packages/sui-framework" }

dependencies = [
  { name = "MoveStdlib" },
]

[[move.package]]
name = "Wormhole"
source = { local = "vendors/wormhole" }

dependencies = [
  { name = "Sui" },
]

[[move.package]]
name = "XOracle"
source = { local = "../x_oracle" }

dependencies = [
  { name = "Sui" },
]
